
Microsoft Visual Studio Solution File, Format Version 12.00
# Visual Studio Version 17
VisualStudioVersion = 17.13.35825.156
MinimumVisualStudioVersion = 10.0.40219.1
Project("{FAE04EC0-301F-11D3-BF4B-00C04F79EFBC}") = "My-site", "My-site\My-site.csproj", "{CD070443-AA1A-4378-87CF-25636F5BA24F}"
EndProject
Project("{FAE04EC0-301F-11D3-BF4B-00C04F79EFBC}") = "My-site.DataBase", "My-site.DataBase\My-site.DataBase.csproj", "{3C8A2922-CCD6-4CCA-A526-4316F977789D}"
EndProject
Project("{FAE04EC0-301F-11D3-BF4B-00C04F79EFBC}") = "My-site.Core", "My-site.Core\My-site.Core.csproj", "{886E2089-1608-428F-A9A2-9425BF81E2DA}"
EndProject
Global
	GlobalSection(SolutionConfigurationPlatforms) = preSolution
		Debug|Any CPU = Debug|Any CPU
		Release|Any CPU = Release|Any CPU
	EndGlobalSection
	GlobalSection(ProjectConfigurationPlatforms) = postSolution
		{CD070443-AA1A-4378-87CF-25636F5BA24F}.Debug|Any CPU.ActiveCfg = Debug|Any CPU
		{CD070443-AA1A-4378-87CF-25636F5BA24F}.Debug|Any CPU.Build.0 = Debug|Any CPU
		{CD070443-AA1A-4378-87CF-25636F5BA24F}.Release|Any CPU.ActiveCfg = Release|Any CPU
		{CD070443-AA1A-4378-87CF-25636F5BA24F}.Release|Any CPU.Build.0 = Release|Any CPU
		{3C8A2922-CCD6-4CCA-A526-4316F977789D}.Debug|Any CPU.ActiveCfg = Debug|Any CPU
		{3C8A2922-CCD6-4CCA-A526-4316F977789D}.Debug|Any CPU.Build.0 = Debug|Any CPU
		{3C8A2922-CCD6-4CCA-A526-4316F977789D}.Release|Any CPU.ActiveCfg = Release|Any CPU
		{3C8A2922-CCD6-4CCA-A526-4316F977789D}.Release|Any CPU.Build.0 = Release|Any CPU
		{886E2089-1608-428F-A9A2-9425BF81E2DA}.Debug|Any CPU.ActiveCfg = Debug|Any CPU
		{886E2089-1608-428F-A9A2-9425BF81E2DA}.Debug|Any CPU.Build.0 = Debug|Any CPU
		{886E2089-1608-428F-A9A2-9425BF81E2DA}.Release|Any CPU.ActiveCfg = Release|Any CPU
		{886E2089-1608-428F-A9A2-9425BF81E2DA}.Release|Any CPU.Build.0 = Release|Any CPU
	EndGlobalSection
	GlobalSection(SolutionProperties) = preSolution
		HideSolutionNode = FALSE
	EndGlobalSection
	GlobalSection(ExtensibilityGlobals) = postSolution
		SolutionGuid = {2FE0D33E-6C9E-459E-A8C0-25C2BD658C09}
	EndGlobalSection
EndGlobal
